
Microsoft Visual Studio Solution File, Format Version 12.00
Project("{FAE04EC0-301F-11D3-BF4B-00C04F79EFBC}") = "Fintech.Entities", "Fintech.Entities\Fintech.Entities.csproj", "{2FB02274-27BA-469C-9C3C-5849ABA3BC7D}"
EndProject
Project("{FAE04EC0-301F-11D3-BF4B-00C04F79EFBC}") = "Fintech.Core", "Fintech.Core\Fintech.Core.csproj", "{C6AF4D32-C224-4BC2-A8E3-02735F07350E}"
EndProject
Project("{FAE04EC0-301F-11D3-BF4B-00C04F79EFBC}") = "Fintech.ValueObjects", "Fintech.ValueObjects\Fintech.ValueObjects.csproj", "{F7A745EC-6E5D-4F12-90AD-0AD220F96A55}"
EndProject
Project("{FAE04EC0-301F-11D3-BF4B-00C04F79EFBC}") = "Fintech.Exceptions", "Fintech.Exceptions\Fintech.Exceptions.csproj", "{7E0C5283-11B5-4E68-A744-DAC5CCE8C93E}"
EndProject
Project("{FAE04EC0-301F-11D3-BF4B-00C04F79EFBC}") = "Fintech.Telemetry", "Fintech.Telemetry\Fintech.Telemetry.csproj", "{F5E9DD83-35CA-4320-B6FA-79DF579BFAA9}"
EndProject
Project("{FAE04EC0-301F-11D3-BF4B-00C04F79EFBC}") = "Fintech.Infrastructure", "Fintech.Infrastructure\Fintech.Infrastructure.csproj", "{77CBC864-28B7-43E2-9AE2-413033F5C09C}"
EndProject
Project("{FAE04EC0-301F-11D3-BF4B-00C04F79EFBC}") = "Fintech.Persistence", "Fintech.Persistence\Fintech.Persistence.csproj", "{1489FC08-66CD-42DE-B310-0D8CDBB2F413}"
EndProject
Project("{FAE04EC0-301F-11D3-BF4B-00C04F79EFBC}") = "Fintech.Messaging", "Fintech.Messaging\Fintech.Messaging.csproj", "{6E450CCB-138E-4BCC-B1F7-95A52C5FE354}"
EndProject
Project("{FAE04EC0-301F-11D3-BF4B-00C04F79EFBC}") = "Fintech.Commands", "Fintech.Commands\Fintech.Commands.csproj", "{8818A723-ED86-4C08-B3BE-F4FDE784EF9A}"
EndProject
Project("{FAE04EC0-301F-11D3-BF4B-00C04F79EFBC}") = "Fintech.DTOs", "Fintech.DTOs\Fintech.DTOs.csproj", "{B5616C40-829A-4F7F-BDFA-25783604400E}"
EndProject
Project("{FAE04EC0-301F-11D3-BF4B-00C04F79EFBC}") = "Fintech.Api", "Fintech.Api\Fintech.Api.csproj", "{5D4FD64A-C3B9-4D9C-BD4A-744157B49417}"
EndProject
Project("{FAE04EC0-301F-11D3-BF4B-00C04F79EFBC}") = "Fintech.Controllers", "Fintech.Controllers\Fintech.Controllers.csproj", "{017CA1D5-BBB1-4161-A792-150941F1A5B8}"
EndProject
Project("{FAE04EC0-301F-11D3-BF4B-00C04F79EFBC}") = "Fintech.Middlewares", "Fintech.Middlewares\Fintech.Middlewares.csproj", "{7D70F3F3-A474-42F4-A31F-34CEA1D65A9B}"
EndProject
Project("{FAE04EC0-301F-11D3-BF4B-00C04F79EFBC}") = "Fintech.Services", "Fintech.Services\Fintech.Services.csproj", "{BFCF5879-8260-40C9-B500-BC3CC453F288}"
EndProject
Project("{FAE04EC0-301F-11D3-BF4B-00C04F79EFBC}") = "Fintech.Worker", "Fintech.Worker\Fintech.Worker.csproj", "{E55DE9A6-6ED6-4E97-B9F0-86D6CBAB54EA}"
EndProject
Project("{FAE04EC0-301F-11D3-BF4B-00C04F79EFBC}") = "Fintech.Jobs", "Fintech.Jobs\Fintech.Jobs.csproj", "{BD4219C6-0B18-4ABD-910D-9ABE1C1CC5A5}"
EndProject
Project("{FAE04EC0-301F-11D3-BF4B-00C04F79EFBC}") = "Fintech.Admin.Cli", "Fintech.Admin.Cli\Fintech.Admin.Cli.csproj", "{EF9336FB-222D-47B2-9BE0-C2C4194DE2F4}"
EndProject
Project("{FAE04EC0-301F-11D3-BF4B-00C04F79EFBC}") = "Fintech.UnitTests", "Fintech.UnitTests\Fintech.UnitTests.csproj", "{781B53C5-CA9E-4689-ABAE-B88D22A25322}"
EndProject
Project("{FAE04EC0-301F-11D3-BF4B-00C04F79EFBC}") = "Fintech.IntegrationTests", "Fintech.IntegrationTests\Fintech.IntegrationTests.csproj", "{0D3D408B-08FB-470D-B01E-6AE3FDF4528F}"
EndProject
Project("{FAE04EC0-301F-11D3-BF4B-00C04F79EFBC}") = "Fintech.ArchitectureTests", "Fintech.ArchitectureTests\Fintech.ArchitectureTests.csproj", "{7D7A9903-4C97-431E-9661-669FAC2E2180}"
EndProject
Project("{FAE04EC0-301F-11D3-BF4B-00C04F79EFBC}") = "Fintech.LoadTests", "Fintech.LoadTests\Fintech.LoadTests.csproj", "{8BE2E01C-149A-4467-AE1F-CBEA225961DD}"
EndProject
Project("{FAE04EC0-301F-11D3-BF4B-00C04F79EFBC}") = "Fintech.Interfaces", "Fintech.Interfaces\Fintech.Interfaces.csproj", "{4DA0FBD8-A4A3-4788-A7E4-ED0ED5B8B104}"
EndProject
Project("{FAE04EC0-301F-11D3-BF4B-00C04F79EFBC}") = "Fintech.Repositories", "Fintech.Repositories\Fintech.Repositories.csproj", "{92F231EB-BF12-400F-B2D9-AC7C7FCA6CB3}"
EndProject
Project("{FAE04EC0-301F-11D3-BF4B-00C04F79EFBC}") = "Fintech.Consumers", "Fintech.Consumers\Fintech.Consumers.csproj", "{5B3245F0-BE23-4AF3-905E-391DBD84E8A3}"
EndProject
Project("{2150E333-8FDC-42A3-9474-1A3956D46DE8}") = "Solution Items", "Solution Items", "{724527A0-07F1-4DCB-B9F2-EF69680C62C1}"
	ProjectSection(SolutionItems) = preProject
		compose.yaml = compose.yaml
		main.tf = main.tf
		prometheus.yml = prometheus.yml
	EndProjectSection
EndProject
Project("{FAE04EC0-301F-11D3-BF4B-00C04F79EFBC}") = "Fintech.Enums", "Fintech.Enums\Fintech.Enums.csproj", "{75EE45AA-9389-4AC2-B003-7433B09EE599}"
EndProject
Project("{FAE04EC0-301F-11D3-BF4B-00C04F79EFBC}") = "Fintech.Records", "Fintech.Records\Fintech.Records.csproj", "{D1B76E8A-E452-4A20-BF4F-003656DA5D51}"
EndProject
Project("{FAE04EC0-301F-11D3-BF4B-00C04F79EFBC}") = "Fintech.Gateways", "Fintech.Gateways\Fintech.Gateways.csproj", "{90DB4FAA-2C84-4EFA-A317-C8ECF3016FBB}"
EndProject
Project("{FAE04EC0-301F-11D3-BF4B-00C04F79EFBC}") = "Fintech.Regulatory", "Fintech.Regulatory\Fintech.Regulatory.csproj", "{D691F8A0-A8DD-4FD8-9567-FE904F0FD852}"
EndProject
Project("{FAE04EC0-301F-11D3-BF4B-00C04F79EFBC}") = "Fintech.Web", "Fintech.Web\Fintech.Web.csproj", "{44540DBE-B065-4337-9B85-1FE460C38803}"
EndProject
Global
	GlobalSection(SolutionConfigurationPlatforms) = preSolution
		Debug|Any CPU = Debug|Any CPU
		Debug|x64 = Debug|x64
		Debug|x86 = Debug|x86
		Release|Any CPU = Release|Any CPU
		Release|x64 = Release|x64
		Release|x86 = Release|x86
	EndGlobalSection
	GlobalSection(ProjectConfigurationPlatforms) = postSolution
		{2FB02274-27BA-469C-9C3C-5849ABA3BC7D}.Debug|Any CPU.ActiveCfg = Debug|Any CPU
		{2FB02274-27BA-469C-9C3C-5849ABA3BC7D}.Debug|Any CPU.Build.0 = Debug|Any CPU
		{2FB02274-27BA-469C-9C3C-5849ABA3BC7D}.Debug|x64.ActiveCfg = Debug|Any CPU
		{2FB02274-27BA-469C-9C3C-5849ABA3BC7D}.Debug|x64.Build.0 = Debug|Any CPU
		{2FB02274-27BA-469C-9C3C-5849ABA3BC7D}.Debug|x86.ActiveCfg = Debug|Any CPU
		{2FB02274-27BA-469C-9C3C-5849ABA3BC7D}.Debug|x86.Build.0 = Debug|Any CPU
		{2FB02274-27BA-469C-9C3C-5849ABA3BC7D}.Release|Any CPU.ActiveCfg = Release|Any CPU
		{2FB02274-27BA-469C-9C3C-5849ABA3BC7D}.Release|Any CPU.Build.0 = Release|Any CPU
		{2FB02274-27BA-469C-9C3C-5849ABA3BC7D}.Release|x64.ActiveCfg = Release|Any CPU
		{2FB02274-27BA-469C-9C3C-5849ABA3BC7D}.Release|x64.Build.0 = Release|Any CPU
		{2FB02274-27BA-469C-9C3C-5849ABA3BC7D}.Release|x86.ActiveCfg = Release|Any CPU
		{2FB02274-27BA-469C-9C3C-5849ABA3BC7D}.Release|x86.Build.0 = Release|Any CPU
		{C6AF4D32-C224-4BC2-A8E3-02735F07350E}.Debug|Any CPU.ActiveCfg = Debug|Any CPU
		{C6AF4D32-C224-4BC2-A8E3-02735F07350E}.Debug|Any CPU.Build.0 = Debug|Any CPU
		{C6AF4D32-C224-4BC2-A8E3-02735F07350E}.Debug|x64.ActiveCfg = Debug|Any CPU
		{C6AF4D32-C224-4BC2-A8E3-02735F07350E}.Debug|x64.Build.0 = Debug|Any CPU
		{C6AF4D32-C224-4BC2-A8E3-02735F07350E}.Debug|x86.ActiveCfg = Debug|Any CPU
		{C6AF4D32-C224-4BC2-A8E3-02735F07350E}.Debug|x86.Build.0 = Debug|Any CPU
		{C6AF4D32-C224-4BC2-A8E3-02735F07350E}.Release|Any CPU.ActiveCfg = Release|Any CPU
		{C6AF4D32-C224-4BC2-A8E3-02735F07350E}.Release|Any CPU.Build.0 = Release|Any CPU
		{C6AF4D32-C224-4BC2-A8E3-02735F07350E}.Release|x64.ActiveCfg = Release|Any CPU
		{C6AF4D32-C224-4BC2-A8E3-02735F07350E}.Release|x64.Build.0 = Release|Any CPU
		{C6AF4D32-C224-4BC2-A8E3-02735F07350E}.Release|x86.ActiveCfg = Release|Any CPU
		{C6AF4D32-C224-4BC2-A8E3-02735F07350E}.Release|x86.Build.0 = Release|Any CPU
		{F7A745EC-6E5D-4F12-90AD-0AD220F96A55}.Debug|Any CPU.ActiveCfg = Debug|Any CPU
		{F7A745EC-6E5D-4F12-90AD-0AD220F96A55}.Debug|Any CPU.Build.0 = Debug|Any CPU
		{F7A745EC-6E5D-4F12-90AD-0AD220F96A55}.Debug|x64.ActiveCfg = Debug|Any CPU
		{F7A745EC-6E5D-4F12-90AD-0AD220F96A55}.Debug|x64.Build.0 = Debug|Any CPU
		{F7A745EC-6E5D-4F12-90AD-0AD220F96A55}.Debug|x86.ActiveCfg = Debug|Any CPU
		{F7A745EC-6E5D-4F12-90AD-0AD220F96A55}.Debug|x86.Build.0 = Debug|Any CPU
		{F7A745EC-6E5D-4F12-90AD-0AD220F96A55}.Release|Any CPU.ActiveCfg = Release|Any CPU
		{F7A745EC-6E5D-4F12-90AD-0AD220F96A55}.Release|Any CPU.Build.0 = Release|Any CPU
		{F7A745EC-6E5D-4F12-90AD-0AD220F96A55}.Release|x64.ActiveCfg = Release|Any CPU
		{F7A745EC-6E5D-4F12-90AD-0AD220F96A55}.Release|x64.Build.0 = Release|Any CPU
		{F7A745EC-6E5D-4F12-90AD-0AD220F96A55}.Release|x86.ActiveCfg = Release|Any CPU
		{F7A745EC-6E5D-4F12-90AD-0AD220F96A55}.Release|x86.Build.0 = Release|Any CPU
		{7E0C5283-11B5-4E68-A744-DAC5CCE8C93E}.Debug|Any CPU.ActiveCfg = Debug|Any CPU
		{7E0C5283-11B5-4E68-A744-DAC5CCE8C93E}.Debug|Any CPU.Build.0 = Debug|Any CPU
		{7E0C5283-11B5-4E68-A744-DAC5CCE8C93E}.Debug|x64.ActiveCfg = Debug|Any CPU
		{7E0C5283-11B5-4E68-A744-DAC5CCE8C93E}.Debug|x64.Build.0 = Debug|Any CPU
		{7E0C5283-11B5-4E68-A744-DAC5CCE8C93E}.Debug|x86.ActiveCfg = Debug|Any CPU
		{7E0C5283-11B5-4E68-A744-DAC5CCE8C93E}.Debug|x86.Build.0 = Debug|Any CPU
		{7E0C5283-11B5-4E68-A744-DAC5CCE8C93E}.Release|Any CPU.ActiveCfg = Release|Any CPU
		{7E0C5283-11B5-4E68-A744-DAC5CCE8C93E}.Release|Any CPU.Build.0 = Release|Any CPU
		{7E0C5283-11B5-4E68-A744-DAC5CCE8C93E}.Release|x64.ActiveCfg = Release|Any CPU
		{7E0C5283-11B5-4E68-A744-DAC5CCE8C93E}.Release|x64.Build.0 = Release|Any CPU
		{7E0C5283-11B5-4E68-A744-DAC5CCE8C93E}.Release|x86.ActiveCfg = Release|Any CPU
		{7E0C5283-11B5-4E68-A744-DAC5CCE8C93E}.Release|x86.Build.0 = Release|Any CPU
		{F5E9DD83-35CA-4320-B6FA-79DF579BFAA9}.Debug|Any CPU.ActiveCfg = Debug|Any CPU
		{F5E9DD83-35CA-4320-B6FA-79DF579BFAA9}.Debug|Any CPU.Build.0 = Debug|Any CPU
		{F5E9DD83-35CA-4320-B6FA-79DF579BFAA9}.Debug|x64.ActiveCfg = Debug|Any CPU
		{F5E9DD83-35CA-4320-B6FA-79DF579BFAA9}.Debug|x64.Build.0 = Debug|Any CPU
		{F5E9DD83-35CA-4320-B6FA-79DF579BFAA9}.Debug|x86.ActiveCfg = Debug|Any CPU
		{F5E9DD83-35CA-4320-B6FA-79DF579BFAA9}.Debug|x86.Build.0 = Debug|Any CPU
		{F5E9DD83-35CA-4320-B6FA-79DF579BFAA9}.Release|Any CPU.ActiveCfg = Release|Any CPU
		{F5E9DD83-35CA-4320-B6FA-79DF579BFAA9}.Release|Any CPU.Build.0 = Release|Any CPU
		{F5E9DD83-35CA-4320-B6FA-79DF579BFAA9}.Release|x64.ActiveCfg = Release|Any CPU
		{F5E9DD83-35CA-4320-B6FA-79DF579BFAA9}.Release|x64.Build.0 = Release|Any CPU
		{F5E9DD83-35CA-4320-B6FA-79DF579BFAA9}.Release|x86.ActiveCfg = Release|Any CPU
		{F5E9DD83-35CA-4320-B6FA-79DF579BFAA9}.Release|x86.Build.0 = Release|Any CPU
		{77CBC864-28B7-43E2-9AE2-413033F5C09C}.Debug|Any CPU.ActiveCfg = Debug|Any CPU
		{77CBC864-28B7-43E2-9AE2-413033F5C09C}.Debug|Any CPU.Build.0 = Debug|Any CPU
		{77CBC864-28B7-43E2-9AE2-413033F5C09C}.Debug|x64.ActiveCfg = Debug|Any CPU
		{77CBC864-28B7-43E2-9AE2-413033F5C09C}.Debug|x64.Build.0 = Debug|Any CPU
		{77CBC864-28B7-43E2-9AE2-413033F5C09C}.Debug|x86.ActiveCfg = Debug|Any CPU
		{77CBC864-28B7-43E2-9AE2-413033F5C09C}.Debug|x86.Build.0 = Debug|Any CPU
		{77CBC864-28B7-43E2-9AE2-413033F5C09C}.Release|Any CPU.ActiveCfg = Release|Any CPU
		{77CBC864-28B7-43E2-9AE2-413033F5C09C}.Release|Any CPU.Build.0 = Release|Any CPU
		{77CBC864-28B7-43E2-9AE2-413033F5C09C}.Release|x64.ActiveCfg = Release|Any CPU
		{77CBC864-28B7-43E2-9AE2-413033F5C09C}.Release|x64.Build.0 = Release|Any CPU
		{77CBC864-28B7-43E2-9AE2-413033F5C09C}.Release|x86.ActiveCfg = Release|Any CPU
		{77CBC864-28B7-43E2-9AE2-413033F5C09C}.Release|x86.Build.0 = Release|Any CPU
		{1489FC08-66CD-42DE-B310-0D8CDBB2F413}.Debug|Any CPU.ActiveCfg = Debug|Any CPU
		{1489FC08-66CD-42DE-B310-0D8CDBB2F413}.Debug|Any CPU.Build.0 = Debug|Any CPU
		{1489FC08-66CD-42DE-B310-0D8CDBB2F413}.Debug|x64.ActiveCfg = Debug|Any CPU
		{1489FC08-66CD-42DE-B310-0D8CDBB2F413}.Debug|x64.Build.0 = Debug|Any CPU
		{1489FC08-66CD-42DE-B310-0D8CDBB2F413}.Debug|x86.ActiveCfg = Debug|Any CPU
		{1489FC08-66CD-42DE-B310-0D8CDBB2F413}.Debug|x86.Build.0 = Debug|Any CPU
		{1489FC08-66CD-42DE-B310-0D8CDBB2F413}.Release|Any CPU.ActiveCfg = Release|Any CPU
		{1489FC08-66CD-42DE-B310-0D8CDBB2F413}.Release|Any CPU.Build.0 = Release|Any CPU
		{1489FC08-66CD-42DE-B310-0D8CDBB2F413}.Release|x64.ActiveCfg = Release|Any CPU
		{1489FC08-66CD-42DE-B310-0D8CDBB2F413}.Release|x64.Build.0 = Release|Any CPU
		{1489FC08-66CD-42DE-B310-0D8CDBB2F413}.Release|x86.ActiveCfg = Release|Any CPU
		{1489FC08-66CD-42DE-B310-0D8CDBB2F413}.Release|x86.Build.0 = Release|Any CPU
		{6E450CCB-138E-4BCC-B1F7-95A52C5FE354}.Debug|Any CPU.ActiveCfg = Debug|Any CPU
		{6E450CCB-138E-4BCC-B1F7-95A52C5FE354}.Debug|Any CPU.Build.0 = Debug|Any CPU
		{6E450CCB-138E-4BCC-B1F7-95A52C5FE354}.Debug|x64.ActiveCfg = Debug|Any CPU
		{6E450CCB-138E-4BCC-B1F7-95A52C5FE354}.Debug|x64.Build.0 = Debug|Any CPU
		{6E450CCB-138E-4BCC-B1F7-95A52C5FE354}.Debug|x86.ActiveCfg = Debug|Any CPU
		{6E450CCB-138E-4BCC-B1F7-95A52C5FE354}.Debug|x86.Build.0 = Debug|Any CPU
		{6E450CCB-138E-4BCC-B1F7-95A52C5FE354}.Release|Any CPU.ActiveCfg = Release|Any CPU
		{6E450CCB-138E-4BCC-B1F7-95A52C5FE354}.Release|Any CPU.Build.0 = Release|Any CPU
		{6E450CCB-138E-4BCC-B1F7-95A52C5FE354}.Release|x64.ActiveCfg = Release|Any CPU
		{6E450CCB-138E-4BCC-B1F7-95A52C5FE354}.Release|x64.Build.0 = Release|Any CPU
		{6E450CCB-138E-4BCC-B1F7-95A52C5FE354}.Release|x86.ActiveCfg = Release|Any CPU
		{6E450CCB-138E-4BCC-B1F7-95A52C5FE354}.Release|x86.Build.0 = Release|Any CPU
		{8818A723-ED86-4C08-B3BE-F4FDE784EF9A}.Debug|Any CPU.ActiveCfg = Debug|Any CPU
		{8818A723-ED86-4C08-B3BE-F4FDE784EF9A}.Debug|Any CPU.Build.0 = Debug|Any CPU
		{8818A723-ED86-4C08-B3BE-F4FDE784EF9A}.Debug|x64.ActiveCfg = Debug|Any CPU
		{8818A723-ED86-4C08-B3BE-F4FDE784EF9A}.Debug|x64.Build.0 = Debug|Any CPU
		{8818A723-ED86-4C08-B3BE-F4FDE784EF9A}.Debug|x86.ActiveCfg = Debug|Any CPU
		{8818A723-ED86-4C08-B3BE-F4FDE784EF9A}.Debug|x86.Build.0 = Debug|Any CPU
		{8818A723-ED86-4C08-B3BE-F4FDE784EF9A}.Release|Any CPU.ActiveCfg = Release|Any CPU
		{8818A723-ED86-4C08-B3BE-F4FDE784EF9A}.Release|Any CPU.Build.0 = Release|Any CPU
		{8818A723-ED86-4C08-B3BE-F4FDE784EF9A}.Release|x64.ActiveCfg = Release|Any CPU
		{8818A723-ED86-4C08-B3BE-F4FDE784EF9A}.Release|x64.Build.0 = Release|Any CPU
		{8818A723-ED86-4C08-B3BE-F4FDE784EF9A}.Release|x86.ActiveCfg = Release|Any CPU
		{8818A723-ED86-4C08-B3BE-F4FDE784EF9A}.Release|x86.Build.0 = Release|Any CPU
		{B5616C40-829A-4F7F-BDFA-25783604400E}.Debug|Any CPU.ActiveCfg = Debug|Any CPU
		{B5616C40-829A-4F7F-BDFA-25783604400E}.Debug|Any CPU.Build.0 = Debug|Any CPU
		{B5616C40-829A-4F7F-BDFA-25783604400E}.Debug|x64.ActiveCfg = Debug|Any CPU
		{B5616C40-829A-4F7F-BDFA-25783604400E}.Debug|x64.Build.0 = Debug|Any CPU
		{B5616C40-829A-4F7F-BDFA-25783604400E}.Debug|x86.ActiveCfg = Debug|Any CPU
		{B5616C40-829A-4F7F-BDFA-25783604400E}.Debug|x86.Build.0 = Debug|Any CPU
		{B5616C40-829A-4F7F-BDFA-25783604400E}.Release|Any CPU.ActiveCfg = Release|Any CPU
		{B5616C40-829A-4F7F-BDFA-25783604400E}.Release|Any CPU.Build.0 = Release|Any CPU
		{B5616C40-829A-4F7F-BDFA-25783604400E}.Release|x64.ActiveCfg = Release|Any CPU
		{B5616C40-829A-4F7F-BDFA-25783604400E}.Release|x64.Build.0 = Release|Any CPU
		{B5616C40-829A-4F7F-BDFA-25783604400E}.Release|x86.ActiveCfg = Release|Any CPU
		{B5616C40-829A-4F7F-BDFA-25783604400E}.Release|x86.Build.0 = Release|Any CPU
		{5D4FD64A-C3B9-4D9C-BD4A-744157B49417}.Debug|Any CPU.ActiveCfg = Debug|Any CPU
		{5D4FD64A-C3B9-4D9C-BD4A-744157B49417}.Debug|Any CPU.Build.0 = Debug|Any CPU
		{5D4FD64A-C3B9-4D9C-BD4A-744157B49417}.Debug|x64.ActiveCfg = Debug|Any CPU
		{5D4FD64A-C3B9-4D9C-BD4A-744157B49417}.Debug|x64.Build.0 = Debug|Any CPU
		{5D4FD64A-C3B9-4D9C-BD4A-744157B49417}.Debug|x86.ActiveCfg = Debug|Any CPU
		{5D4FD64A-C3B9-4D9C-BD4A-744157B49417}.Debug|x86.Build.0 = Debug|Any CPU
		{5D4FD64A-C3B9-4D9C-BD4A-744157B49417}.Release|Any CPU.ActiveCfg = Release|Any CPU
		{5D4FD64A-C3B9-4D9C-BD4A-744157B49417}.Release|Any CPU.Build.0 = Release|Any CPU
		{5D4FD64A-C3B9-4D9C-BD4A-744157B49417}.Release|x64.ActiveCfg = Release|Any CPU
		{5D4FD64A-C3B9-4D9C-BD4A-744157B49417}.Release|x64.Build.0 = Release|Any CPU
		{5D4FD64A-C3B9-4D9C-BD4A-744157B49417}.Release|x86.ActiveCfg = Release|Any CPU
		{5D4FD64A-C3B9-4D9C-BD4A-744157B49417}.Release|x86.Build.0 = Release|Any CPU
		{017CA1D5-BBB1-4161-A792-150941F1A5B8}.Debug|Any CPU.ActiveCfg = Debug|Any CPU
		{017CA1D5-BBB1-4161-A792-150941F1A5B8}.Debug|Any CPU.Build.0 = Debug|Any CPU
		{017CA1D5-BBB1-4161-A792-150941F1A5B8}.Debug|x64.ActiveCfg = Debug|Any CPU
		{017CA1D5-BBB1-4161-A792-150941F1A5B8}.Debug|x64.Build.0 = Debug|Any CPU
		{017CA1D5-BBB1-4161-A792-150941F1A5B8}.Debug|x86.ActiveCfg = Debug|Any CPU
		{017CA1D5-BBB1-4161-A792-150941F1A5B8}.Debug|x86.Build.0 = Debug|Any CPU
		{017CA1D5-BBB1-4161-A792-150941F1A5B8}.Release|Any CPU.ActiveCfg = Release|Any CPU
		{017CA1D5-BBB1-4161-A792-150941F1A5B8}.Release|Any CPU.Build.0 = Release|Any CPU
		{017CA1D5-BBB1-4161-A792-150941F1A5B8}.Release|x64.ActiveCfg = Release|Any CPU
		{017CA1D5-BBB1-4161-A792-150941F1A5B8}.Release|x64.Build.0 = Release|Any CPU
		{017CA1D5-BBB1-4161-A792-150941F1A5B8}.Release|x86.ActiveCfg = Release|Any CPU
		{017CA1D5-BBB1-4161-A792-150941F1A5B8}.Release|x86.Build.0 = Release|Any CPU
		{7D70F3F3-A474-42F4-A31F-34CEA1D65A9B}.Debug|Any CPU.ActiveCfg = Debug|Any CPU
		{7D70F3F3-A474-42F4-A31F-34CEA1D65A9B}.Debug|Any CPU.Build.0 = Debug|Any CPU
		{7D70F3F3-A474-42F4-A31F-34CEA1D65A9B}.Debug|x64.ActiveCfg = Debug|Any CPU
		{7D70F3F3-A474-42F4-A31F-34CEA1D65A9B}.Debug|x64.Build.0 = Debug|Any CPU
		{7D70F3F3-A474-42F4-A31F-34CEA1D65A9B}.Debug|x86.ActiveCfg = Debug|Any CPU
		{7D70F3F3-A474-42F4-A31F-34CEA1D65A9B}.Debug|x86.Build.0 = Debug|Any CPU
		{7D70F3F3-A474-42F4-A31F-34CEA1D65A9B}.Release|Any CPU.ActiveCfg = Release|Any CPU
		{7D70F3F3-A474-42F4-A31F-34CEA1D65A9B}.Release|Any CPU.Build.0 = Release|Any CPU
		{7D70F3F3-A474-42F4-A31F-34CEA1D65A9B}.Release|x64.ActiveCfg = Release|Any CPU
		{7D70F3F3-A474-42F4-A31F-34CEA1D65A9B}.Release|x64.Build.0 = Release|Any CPU
		{7D70F3F3-A474-42F4-A31F-34CEA1D65A9B}.Release|x86.ActiveCfg = Release|Any CPU
		{7D70F3F3-A474-42F4-A31F-34CEA1D65A9B}.Release|x86.Build.0 = Release|Any CPU
		{BFCF5879-8260-40C9-B500-BC3CC453F288}.Debug|Any CPU.ActiveCfg = Debug|Any CPU
		{BFCF5879-8260-40C9-B500-BC3CC453F288}.Debug|Any CPU.Build.0 = Debug|Any CPU
		{BFCF5879-8260-40C9-B500-BC3CC453F288}.Debug|x64.ActiveCfg = Debug|Any CPU
		{BFCF5879-8260-40C9-B500-BC3CC453F288}.Debug|x64.Build.0 = Debug|Any CPU
		{BFCF5879-8260-40C9-B500-BC3CC453F288}.Debug|x86.ActiveCfg = Debug|Any CPU
		{BFCF5879-8260-40C9-B500-BC3CC453F288}.Debug|x86.Build.0 = Debug|Any CPU
		{BFCF5879-8260-40C9-B500-BC3CC453F288}.Release|Any CPU.ActiveCfg = Release|Any CPU
		{BFCF5879-8260-40C9-B500-BC3CC453F288}.Release|Any CPU.Build.0 = Release|Any CPU
		{BFCF5879-8260-40C9-B500-BC3CC453F288}.Release|x64.ActiveCfg = Release|Any CPU
		{BFCF5879-8260-40C9-B500-BC3CC453F288}.Release|x64.Build.0 = Release|Any CPU
		{BFCF5879-8260-40C9-B500-BC3CC453F288}.Release|x86.ActiveCfg = Release|Any CPU
		{BFCF5879-8260-40C9-B500-BC3CC453F288}.Release|x86.Build.0 = Release|Any CPU
		{E55DE9A6-6ED6-4E97-B9F0-86D6CBAB54EA}.Debug|Any CPU.ActiveCfg = Debug|Any CPU
		{E55DE9A6-6ED6-4E97-B9F0-86D6CBAB54EA}.Debug|Any CPU.Build.0 = Debug|Any CPU
		{E55DE9A6-6ED6-4E97-B9F0-86D6CBAB54EA}.Debug|x64.ActiveCfg = Debug|Any CPU
		{E55DE9A6-6ED6-4E97-B9F0-86D6CBAB54EA}.Debug|x64.Build.0 = Debug|Any CPU
		{E55DE9A6-6ED6-4E97-B9F0-86D6CBAB54EA}.Debug|x86.ActiveCfg = Debug|Any CPU
		{E55DE9A6-6ED6-4E97-B9F0-86D6CBAB54EA}.Debug|x86.Build.0 = Debug|Any CPU
		{E55DE9A6-6ED6-4E97-B9F0-86D6CBAB54EA}.Release|Any CPU.ActiveCfg = Release|Any CPU
		{E55DE9A6-6ED6-4E97-B9F0-86D6CBAB54EA}.Release|Any CPU.Build.0 = Release|Any CPU
		{E55DE9A6-6ED6-4E97-B9F0-86D6CBAB54EA}.Release|x64.ActiveCfg = Release|Any CPU
		{E55DE9A6-6ED6-4E97-B9F0-86D6CBAB54EA}.Release|x64.Build.0 = Release|Any CPU
		{E55DE9A6-6ED6-4E97-B9F0-86D6CBAB54EA}.Release|x86.ActiveCfg = Release|Any CPU
		{E55DE9A6-6ED6-4E97-B9F0-86D6CBAB54EA}.Release|x86.Build.0 = Release|Any CPU
		{BD4219C6-0B18-4ABD-910D-9ABE1C1CC5A5}.Debug|Any CPU.ActiveCfg = Debug|Any CPU
		{BD4219C6-0B18-4ABD-910D-9ABE1C1CC5A5}.Debug|Any CPU.Build.0 = Debug|Any CPU
		{BD4219C6-0B18-4ABD-910D-9ABE1C1CC5A5}.Debug|x64.ActiveCfg = Debug|Any CPU
		{BD4219C6-0B18-4ABD-910D-9ABE1C1CC5A5}.Debug|x64.Build.0 = Debug|Any CPU
		{BD4219C6-0B18-4ABD-910D-9ABE1C1CC5A5}.Debug|x86.ActiveCfg = Debug|Any CPU
		{BD4219C6-0B18-4ABD-910D-9ABE1C1CC5A5}.Debug|x86.Build.0 = Debug|Any CPU
		{BD4219C6-0B18-4ABD-910D-9ABE1C1CC5A5}.Release|Any CPU.ActiveCfg = Release|Any CPU
		{BD4219C6-0B18-4ABD-910D-9ABE1C1CC5A5}.Release|Any CPU.Build.0 = Release|Any CPU
		{BD4219C6-0B18-4ABD-910D-9ABE1C1CC5A5}.Release|x64.ActiveCfg = Release|Any CPU
		{BD4219C6-0B18-4ABD-910D-9ABE1C1CC5A5}.Release|x64.Build.0 = Release|Any CPU
		{BD4219C6-0B18-4ABD-910D-9ABE1C1CC5A5}.Release|x86.ActiveCfg = Release|Any CPU
		{BD4219C6-0B18-4ABD-910D-9ABE1C1CC5A5}.Release|x86.Build.0 = Release|Any CPU
		{EF9336FB-222D-47B2-9BE0-C2C4194DE2F4}.Debug|Any CPU.ActiveCfg = Debug|Any CPU
		{EF9336FB-222D-47B2-9BE0-C2C4194DE2F4}.Debug|Any CPU.Build.0 = Debug|Any CPU
		{EF9336FB-222D-47B2-9BE0-C2C4194DE2F4}.Debug|x64.ActiveCfg = Debug|Any CPU
		{EF9336FB-222D-47B2-9BE0-C2C4194DE2F4}.Debug|x64.Build.0 = Debug|Any CPU
		{EF9336FB-222D-47B2-9BE0-C2C4194DE2F4}.Debug|x86.ActiveCfg = Debug|Any CPU
		{EF9336FB-222D-47B2-9BE0-C2C4194DE2F4}.Debug|x86.Build.0 = Debug|Any CPU
		{EF9336FB-222D-47B2-9BE0-C2C4194DE2F4}.Release|Any CPU.ActiveCfg = Release|Any CPU
		{EF9336FB-222D-47B2-9BE0-C2C4194DE2F4}.Release|Any CPU.Build.0 = Release|Any CPU
		{EF9336FB-222D-47B2-9BE0-C2C4194DE2F4}.Release|x64.ActiveCfg = Release|Any CPU
		{EF9336FB-222D-47B2-9BE0-C2C4194DE2F4}.Release|x64.Build.0 = Release|Any CPU
		{EF9336FB-222D-47B2-9BE0-C2C4194DE2F4}.Release|x86.ActiveCfg = Release|Any CPU
		{EF9336FB-222D-47B2-9BE0-C2C4194DE2F4}.Release|x86.Build.0 = Release|Any CPU
		{781B53C5-CA9E-4689-ABAE-B88D22A25322}.Debug|Any CPU.ActiveCfg = Debug|Any CPU
		{781B53C5-CA9E-4689-ABAE-B88D22A25322}.Debug|Any CPU.Build.0 = Debug|Any CPU
		{781B53C5-CA9E-4689-ABAE-B88D22A25322}.Debug|x64.ActiveCfg = Debug|Any CPU
		{781B53C5-CA9E-4689-ABAE-B88D22A25322}.Debug|x64.Build.0 = Debug|Any CPU
		{781B53C5-CA9E-4689-ABAE-B88D22A25322}.Debug|x86.ActiveCfg = Debug|Any CPU
		{781B53C5-CA9E-4689-ABAE-B88D22A25322}.Debug|x86.Build.0 = Debug|Any CPU
		{781B53C5-CA9E-4689-ABAE-B88D22A25322}.Release|Any CPU.ActiveCfg = Release|Any CPU
		{781B53C5-CA9E-4689-ABAE-B88D22A25322}.Release|Any CPU.Build.0 = Release|Any CPU
		{781B53C5-CA9E-4689-ABAE-B88D22A25322}.Release|x64.ActiveCfg = Release|Any CPU
		{781B53C5-CA9E-4689-ABAE-B88D22A25322}.Release|x64.Build.0 = Release|Any CPU
		{781B53C5-CA9E-4689-ABAE-B88D22A25322}.Release|x86.ActiveCfg = Release|Any CPU
		{781B53C5-CA9E-4689-ABAE-B88D22A25322}.Release|x86.Build.0 = Release|Any CPU
		{0D3D408B-08FB-470D-B01E-6AE3FDF4528F}.Debug|Any CPU.ActiveCfg = Debug|Any CPU
		{0D3D408B-08FB-470D-B01E-6AE3FDF4528F}.Debug|Any CPU.Build.0 = Debug|Any CPU
		{0D3D408B-08FB-470D-B01E-6AE3FDF4528F}.Debug|x64.ActiveCfg = Debug|Any CPU
		{0D3D408B-08FB-470D-B01E-6AE3FDF4528F}.Debug|x64.Build.0 = Debug|Any CPU
		{0D3D408B-08FB-470D-B01E-6AE3FDF4528F}.Debug|x86.ActiveCfg = Debug|Any CPU
		{0D3D408B-08FB-470D-B01E-6AE3FDF4528F}.Debug|x86.Build.0 = Debug|Any CPU
		{0D3D408B-08FB-470D-B01E-6AE3FDF4528F}.Release|Any CPU.ActiveCfg = Release|Any CPU
		{0D3D408B-08FB-470D-B01E-6AE3FDF4528F}.Release|Any CPU.Build.0 = Release|Any CPU
		{0D3D408B-08FB-470D-B01E-6AE3FDF4528F}.Release|x64.ActiveCfg = Release|Any CPU
		{0D3D408B-08FB-470D-B01E-6AE3FDF4528F}.Release|x64.Build.0 = Release|Any CPU
		{0D3D408B-08FB-470D-B01E-6AE3FDF4528F}.Release|x86.ActiveCfg = Release|Any CPU
		{0D3D408B-08FB-470D-B01E-6AE3FDF4528F}.Release|x86.Build.0 = Release|Any CPU
		{7D7A9903-4C97-431E-9661-669FAC2E2180}.Debug|Any CPU.ActiveCfg = Debug|Any CPU
		{7D7A9903-4C97-431E-9661-669FAC2E2180}.Debug|Any CPU.Build.0 = Debug|Any CPU
		{7D7A9903-4C97-431E-9661-669FAC2E2180}.Debug|x64.ActiveCfg = Debug|Any CPU
		{7D7A9903-4C97-431E-9661-669FAC2E2180}.Debug|x64.Build.0 = Debug|Any CPU
		{7D7A9903-4C97-431E-9661-669FAC2E2180}.Debug|x86.ActiveCfg = Debug|Any CPU
		{7D7A9903-4C97-431E-9661-669FAC2E2180}.Debug|x86.Build.0 = Debug|Any CPU
		{7D7A9903-4C97-431E-9661-669FAC2E2180}.Release|Any CPU.ActiveCfg = Release|Any CPU
		{7D7A9903-4C97-431E-9661-669FAC2E2180}.Release|Any CPU.Build.0 = Release|Any CPU
		{7D7A9903-4C97-431E-9661-669FAC2E2180}.Release|x64.ActiveCfg = Release|Any CPU
		{7D7A9903-4C97-431E-9661-669FAC2E2180}.Release|x64.Build.0 = Release|Any CPU
		{7D7A9903-4C97-431E-9661-669FAC2E2180}.Release|x86.ActiveCfg = Release|Any CPU
		{7D7A9903-4C97-431E-9661-669FAC2E2180}.Release|x86.Build.0 = Release|Any CPU
		{8BE2E01C-149A-4467-AE1F-CBEA225961DD}.Debug|Any CPU.ActiveCfg = Debug|Any CPU
		{8BE2E01C-149A-4467-AE1F-CBEA225961DD}.Debug|Any CPU.Build.0 = Debug|Any CPU
		{8BE2E01C-149A-4467-AE1F-CBEA225961DD}.Debug|x64.ActiveCfg = Debug|Any CPU
		{8BE2E01C-149A-4467-AE1F-CBEA225961DD}.Debug|x64.Build.0 = Debug|Any CPU
		{8BE2E01C-149A-4467-AE1F-CBEA225961DD}.Debug|x86.ActiveCfg = Debug|Any CPU
		{8BE2E01C-149A-4467-AE1F-CBEA225961DD}.Debug|x86.Build.0 = Debug|Any CPU
		{8BE2E01C-149A-4467-AE1F-CBEA225961DD}.Release|Any CPU.ActiveCfg = Release|Any CPU
		{8BE2E01C-149A-4467-AE1F-CBEA225961DD}.Release|Any CPU.Build.0 = Release|Any CPU
		{8BE2E01C-149A-4467-AE1F-CBEA225961DD}.Release|x64.ActiveCfg = Release|Any CPU
		{8BE2E01C-149A-4467-AE1F-CBEA225961DD}.Release|x64.Build.0 = Release|Any CPU
		{8BE2E01C-149A-4467-AE1F-CBEA225961DD}.Release|x86.ActiveCfg = Release|Any CPU
		{8BE2E01C-149A-4467-AE1F-CBEA225961DD}.Release|x86.Build.0 = Release|Any CPU
		{4DA0FBD8-A4A3-4788-A7E4-ED0ED5B8B104}.Debug|Any CPU.ActiveCfg = Debug|Any CPU
		{4DA0FBD8-A4A3-4788-A7E4-ED0ED5B8B104}.Debug|Any CPU.Build.0 = Debug|Any CPU
		{4DA0FBD8-A4A3-4788-A7E4-ED0ED5B8B104}.Debug|x64.ActiveCfg = Debug|Any CPU
		{4DA0FBD8-A4A3-4788-A7E4-ED0ED5B8B104}.Debug|x64.Build.0 = Debug|Any CPU
		{4DA0FBD8-A4A3-4788-A7E4-ED0ED5B8B104}.Debug|x86.ActiveCfg = Debug|Any CPU
		{4DA0FBD8-A4A3-4788-A7E4-ED0ED5B8B104}.Debug|x86.Build.0 = Debug|Any CPU
		{4DA0FBD8-A4A3-4788-A7E4-ED0ED5B8B104}.Release|Any CPU.ActiveCfg = Release|Any CPU
		{4DA0FBD8-A4A3-4788-A7E4-ED0ED5B8B104}.Release|Any CPU.Build.0 = Release|Any CPU
		{4DA0FBD8-A4A3-4788-A7E4-ED0ED5B8B104}.Release|x64.ActiveCfg = Release|Any CPU
		{4DA0FBD8-A4A3-4788-A7E4-ED0ED5B8B104}.Release|x64.Build.0 = Release|Any CPU
		{4DA0FBD8-A4A3-4788-A7E4-ED0ED5B8B104}.Release|x86.ActiveCfg = Release|Any CPU
		{4DA0FBD8-A4A3-4788-A7E4-ED0ED5B8B104}.Release|x86.Build.0 = Release|Any CPU
		{92F231EB-BF12-400F-B2D9-AC7C7FCA6CB3}.Debug|Any CPU.ActiveCfg = Debug|Any CPU
		{92F231EB-BF12-400F-B2D9-AC7C7FCA6CB3}.Debug|Any CPU.Build.0 = Debug|Any CPU
		{92F231EB-BF12-400F-B2D9-AC7C7FCA6CB3}.Debug|x64.ActiveCfg = Debug|Any CPU
		{92F231EB-BF12-400F-B2D9-AC7C7FCA6CB3}.Debug|x64.Build.0 = Debug|Any CPU
		{92F231EB-BF12-400F-B2D9-AC7C7FCA6CB3}.Debug|x86.ActiveCfg = Debug|Any CPU
		{92F231EB-BF12-400F-B2D9-AC7C7FCA6CB3}.Debug|x86.Build.0 = Debug|Any CPU
		{92F231EB-BF12-400F-B2D9-AC7C7FCA6CB3}.Release|Any CPU.ActiveCfg = Release|Any CPU
		{92F231EB-BF12-400F-B2D9-AC7C7FCA6CB3}.Release|Any CPU.Build.0 = Release|Any CPU
		{92F231EB-BF12-400F-B2D9-AC7C7FCA6CB3}.Release|x64.ActiveCfg = Release|Any CPU
		{92F231EB-BF12-400F-B2D9-AC7C7FCA6CB3}.Release|x64.Build.0 = Release|Any CPU
		{92F231EB-BF12-400F-B2D9-AC7C7FCA6CB3}.Release|x86.ActiveCfg = Release|Any CPU
		{92F231EB-BF12-400F-B2D9-AC7C7FCA6CB3}.Release|x86.Build.0 = Release|Any CPU
		{5B3245F0-BE23-4AF3-905E-391DBD84E8A3}.Debug|Any CPU.ActiveCfg = Debug|Any CPU
		{5B3245F0-BE23-4AF3-905E-391DBD84E8A3}.Debug|Any CPU.Build.0 = Debug|Any CPU
		{5B3245F0-BE23-4AF3-905E-391DBD84E8A3}.Debug|x64.ActiveCfg = Debug|Any CPU
		{5B3245F0-BE23-4AF3-905E-391DBD84E8A3}.Debug|x64.Build.0 = Debug|Any CPU
		{5B3245F0-BE23-4AF3-905E-391DBD84E8A3}.Debug|x86.ActiveCfg = Debug|Any CPU
		{5B3245F0-BE23-4AF3-905E-391DBD84E8A3}.Debug|x86.Build.0 = Debug|Any CPU
		{5B3245F0-BE23-4AF3-905E-391DBD84E8A3}.Release|Any CPU.ActiveCfg = Release|Any CPU
		{5B3245F0-BE23-4AF3-905E-391DBD84E8A3}.Release|Any CPU.Build.0 = Release|Any CPU
		{5B3245F0-BE23-4AF3-905E-391DBD84E8A3}.Release|x64.ActiveCfg = Release|Any CPU
		{5B3245F0-BE23-4AF3-905E-391DBD84E8A3}.Release|x64.Build.0 = Release|Any CPU
		{5B3245F0-BE23-4AF3-905E-391DBD84E8A3}.Release|x86.ActiveCfg = Release|Any CPU
		{5B3245F0-BE23-4AF3-905E-391DBD84E8A3}.Release|x86.Build.0 = Release|Any CPU
		{75EE45AA-9389-4AC2-B003-7433B09EE599}.Debug|Any CPU.ActiveCfg = Debug|Any CPU
		{75EE45AA-9389-4AC2-B003-7433B09EE599}.Debug|Any CPU.Build.0 = Debug|Any CPU
		{75EE45AA-9389-4AC2-B003-7433B09EE599}.Debug|x64.ActiveCfg = Debug|Any CPU
		{75EE45AA-9389-4AC2-B003-7433B09EE599}.Debug|x64.Build.0 = Debug|Any CPU
		{75EE45AA-9389-4AC2-B003-7433B09EE599}.Debug|x86.ActiveCfg = Debug|Any CPU
		{75EE45AA-9389-4AC2-B003-7433B09EE599}.Debug|x86.Build.0 = Debug|Any CPU
		{75EE45AA-9389-4AC2-B003-7433B09EE599}.Release|Any CPU.ActiveCfg = Release|Any CPU
		{75EE45AA-9389-4AC2-B003-7433B09EE599}.Release|Any CPU.Build.0 = Release|Any CPU
		{75EE45AA-9389-4AC2-B003-7433B09EE599}.Release|x64.ActiveCfg = Release|Any CPU
		{75EE45AA-9389-4AC2-B003-7433B09EE599}.Release|x64.Build.0 = Release|Any CPU
		{75EE45AA-9389-4AC2-B003-7433B09EE599}.Release|x86.ActiveCfg = Release|Any CPU
		{75EE45AA-9389-4AC2-B003-7433B09EE599}.Release|x86.Build.0 = Release|Any CPU
		{D1B76E8A-E452-4A20-BF4F-003656DA5D51}.Debug|Any CPU.ActiveCfg = Debug|Any CPU
		{D1B76E8A-E452-4A20-BF4F-003656DA5D51}.Debug|Any CPU.Build.0 = Debug|Any CPU
		{D1B76E8A-E452-4A20-BF4F-003656DA5D51}.Debug|x64.ActiveCfg = Debug|Any CPU
		{D1B76E8A-E452-4A20-BF4F-003656DA5D51}.Debug|x64.Build.0 = Debug|Any CPU
		{D1B76E8A-E452-4A20-BF4F-003656DA5D51}.Debug|x86.ActiveCfg = Debug|Any CPU
		{D1B76E8A-E452-4A20-BF4F-003656DA5D51}.Debug|x86.Build.0 = Debug|Any CPU
		{D1B76E8A-E452-4A20-BF4F-003656DA5D51}.Release|Any CPU.ActiveCfg = Release|Any CPU
		{D1B76E8A-E452-4A20-BF4F-003656DA5D51}.Release|Any CPU.Build.0 = Release|Any CPU
		{D1B76E8A-E452-4A20-BF4F-003656DA5D51}.Release|x64.ActiveCfg = Release|Any CPU
		{D1B76E8A-E452-4A20-BF4F-003656DA5D51}.Release|x64.Build.0 = Release|Any CPU
		{D1B76E8A-E452-4A20-BF4F-003656DA5D51}.Release|x86.ActiveCfg = Release|Any CPU
		{D1B76E8A-E452-4A20-BF4F-003656DA5D51}.Release|x86.Build.0 = Release|Any CPU
		{90DB4FAA-2C84-4EFA-A317-C8ECF3016FBB}.Debug|Any CPU.ActiveCfg = Debug|Any CPU
		{90DB4FAA-2C84-4EFA-A317-C8ECF3016FBB}.Debug|Any CPU.Build.0 = Debug|Any CPU
		{90DB4FAA-2C84-4EFA-A317-C8ECF3016FBB}.Debug|x64.ActiveCfg = Debug|Any CPU
		{90DB4FAA-2C84-4EFA-A317-C8ECF3016FBB}.Debug|x64.Build.0 = Debug|Any CPU
		{90DB4FAA-2C84-4EFA-A317-C8ECF3016FBB}.Debug|x86.ActiveCfg = Debug|Any CPU
		{90DB4FAA-2C84-4EFA-A317-C8ECF3016FBB}.Debug|x86.Build.0 = Debug|Any CPU
		{90DB4FAA-2C84-4EFA-A317-C8ECF3016FBB}.Release|Any CPU.ActiveCfg = Release|Any CPU
		{90DB4FAA-2C84-4EFA-A317-C8ECF3016FBB}.Release|Any CPU.Build.0 = Release|Any CPU
		{90DB4FAA-2C84-4EFA-A317-C8ECF3016FBB}.Release|x64.ActiveCfg = Release|Any CPU
		{90DB4FAA-2C84-4EFA-A317-C8ECF3016FBB}.Release|x64.Build.0 = Release|Any CPU
		{90DB4FAA-2C84-4EFA-A317-C8ECF3016FBB}.Release|x86.ActiveCfg = Release|Any CPU
		{90DB4FAA-2C84-4EFA-A317-C8ECF3016FBB}.Release|x86.Build.0 = Release|Any CPU
		{D691F8A0-A8DD-4FD8-9567-FE904F0FD852}.Debug|Any CPU.ActiveCfg = Debug|Any CPU
		{D691F8A0-A8DD-4FD8-9567-FE904F0FD852}.Debug|Any CPU.Build.0 = Debug|Any CPU
		{D691F8A0-A8DD-4FD8-9567-FE904F0FD852}.Debug|x64.ActiveCfg = Debug|Any CPU
		{D691F8A0-A8DD-4FD8-9567-FE904F0FD852}.Debug|x64.Build.0 = Debug|Any CPU
		{D691F8A0-A8DD-4FD8-9567-FE904F0FD852}.Debug|x86.ActiveCfg = Debug|Any CPU
		{D691F8A0-A8DD-4FD8-9567-FE904F0FD852}.Debug|x86.Build.0 = Debug|Any CPU
		{D691F8A0-A8DD-4FD8-9567-FE904F0FD852}.Release|Any CPU.ActiveCfg = Release|Any CPU
		{D691F8A0-A8DD-4FD8-9567-FE904F0FD852}.Release|Any CPU.Build.0 = Release|Any CPU
		{D691F8A0-A8DD-4FD8-9567-FE904F0FD852}.Release|x64.ActiveCfg = Release|Any CPU
		{D691F8A0-A8DD-4FD8-9567-FE904F0FD852}.Release|x64.Build.0 = Release|Any CPU
		{D691F8A0-A8DD-4FD8-9567-FE904F0FD852}.Release|x86.ActiveCfg = Release|Any CPU
		{D691F8A0-A8DD-4FD8-9567-FE904F0FD852}.Release|x86.Build.0 = Release|Any CPU
		{44540DBE-B065-4337-9B85-1FE460C38803}.Debug|Any CPU.ActiveCfg = Debug|Any CPU
		{44540DBE-B065-4337-9B85-1FE460C38803}.Debug|Any CPU.Build.0 = Debug|Any CPU
		{44540DBE-B065-4337-9B85-1FE460C38803}.Debug|x64.ActiveCfg = Debug|Any CPU
		{44540DBE-B065-4337-9B85-1FE460C38803}.Debug|x64.Build.0 = Debug|Any CPU
		{44540DBE-B065-4337-9B85-1FE460C38803}.Debug|x86.ActiveCfg = Debug|Any CPU
		{44540DBE-B065-4337-9B85-1FE460C38803}.Debug|x86.Build.0 = Debug|Any CPU
		{44540DBE-B065-4337-9B85-1FE460C38803}.Release|Any CPU.ActiveCfg = Release|Any CPU
		{44540DBE-B065-4337-9B85-1FE460C38803}.Release|Any CPU.Build.0 = Release|Any CPU
		{44540DBE-B065-4337-9B85-1FE460C38803}.Release|x64.ActiveCfg = Release|Any CPU
		{44540DBE-B065-4337-9B85-1FE460C38803}.Release|x64.Build.0 = Release|Any CPU
		{44540DBE-B065-4337-9B85-1FE460C38803}.Release|x86.ActiveCfg = Release|Any CPU
		{44540DBE-B065-4337-9B85-1FE460C38803}.Release|x86.Build.0 = Release|Any CPU
	EndGlobalSection
	GlobalSection(SolutionProperties) = preSolution
		HideSolutionNode = FALSE
	EndGlobalSection
EndGlobal
